{
  "lockfileVersion": 1,
  "dependencies": {
    "bluealliance": {
      "version": "0.6.0",
      "resolved": "https://registry.npmjs.org/bluealliance/-/bluealliance-0.6.0.tgz",
      "integrity": "sha512-88k1V5VUw8u9Iof7GDadCys/01B2r6efetUzwWkcBllRRG9LK2y8SMF8ujo1UYwUJ+SrsumjRVum4PwI1bLuaA=="
    },
    "xmlhttprequest": {
      "version": "1.8.0",
      "resolved": "https://registry.npmjs.org/xmlhttprequest/-/xmlhttprequest-1.8.0.tgz",
      "integrity": "sha1-Z/4HXFwk/vOfnWX197f+dRcZaPw="
    }
  }
}
