{
  "lockfileVersion": 1,
  "dependencies": {
    "bluealliance": {
      "version": "0.5.5",
      "resolved": "https://registry.npmjs.org/bluealliance/-/bluealliance-0.5.5.tgz",
      "integrity": "sha512-rs1xQ18HFscIlr1QqBsNX8aEpJfi3gCiIxgGrqhMU+cIRsm/eE5KgrwKTw5dzCly/0qT0UsBA+xM5cIE3TI5HQ=="
    },
    "xmlhttprequest": {
      "version": "1.8.0",
      "resolved": "https://registry.npmjs.org/xmlhttprequest/-/xmlhttprequest-1.8.0.tgz",
      "integrity": "sha1-Z/4HXFwk/vOfnWX197f+dRcZaPw="
    }
  }
}
